// !$*UTF8*$!
{
	archiveVersion = 1;
	classes = {
	};
	objectVersion = 50;
	objects = {

/* Begin PBXBuildFile section */
		E5D1D06D21B2530C0096DE07 /* AppDelegate.swift in Sources */ = {isa = PBXBuildFile; fileRef = E5D1D06C21B2530C0096DE07 /* AppDelegate.swift */; };
		E5D1D06F21B2530C0096DE07 /* ViewController.swift in Sources */ = {isa = PBXBuildFile; fileRef = E5D1D06E21B2530C0096DE07 /* ViewController.swift */; };
		E5D1D07221B2530C0096DE07 /* Main.storyboard in Resources */ = {isa = PBXBuildFile; fileRef = E5D1D07021B2530C0096DE07 /* Main.storyboard */; };
		E5D1D07421B2530E0096DE07 /* Assets.xcassets in Resources */ = {isa = PBXBuildFile; fileRef = E5D1D07321B2530E0096DE07 /* Assets.xcassets */; };
		E5D1D07721B2530E0096DE07 /* LaunchScreen.storyboard in Resources */ = {isa = PBXBuildFile; fileRef = E5D1D07521B2530E0096DE07 /* LaunchScreen.storyboard */; };
		E5D1D08221B2530E0096DE07 /* FirstSwiftAppTests.swift in Sources */ = {isa = PBXBuildFile; fileRef = E5D1D08121B2530E0096DE07 /* FirstSwiftAppTests.swift */; };
		E5D1D08D21B2530E0096DE07 /* FirstSwiftAppUITests.swift in Sources */ = {isa = PBXBuildFile; fileRef = E5D1D08C21B2530E0096DE07 /* FirstSwiftAppUITests.swift */; };
/* End PBXBuildFile section */

/* Begin PBXContainerItemProxy section */
		E5D1D07E21B2530E0096DE07 /* PBXContainerItemProxy */ = {
			isa = PBXContainerItemProxy;
			containerPortal = E5D1D06121B2530C0096DE07 /* Project object */;
			proxyType = 1;
			remoteGlobalIDString = E5D1D06821B2530C0096DE07;
			remoteInfo = FirstSwiftApp;
		};
		E5D1D08921B2530E0096DE07 /* PBXContainerItemProxy */ = {
			isa = PBXContainerItemProxy;
			containerPortal = E5D1D06121B2530C0096DE07 /* Project object */;
			proxyType = 1;
			remoteGlobalIDString = E5D1D06821B2530C0096DE07;
			remoteInfo = FirstSwiftApp;
		};
/* End PBXContainerItemProxy section */

/* Begin PBXFileReference section */
		E5D1D06921B2530C0096DE07 /* FirstSwiftApp.app */ = {isa = PBXFileReference; explicitFileType = wrapper.application; includeInIndex = 0; path = FirstSwiftApp.app; sourceTree = BUILT_PRODUCTS_DIR; };
		E5D1D06C21B2530C0096DE07 /* AppDelegate.swift */ = {isa = PBXFileReference; lastKnownFileType = sourcecode.swift; path = AppDelegate.swift; sourceTree = "<group>"; };
		E5D1D06E21B2530C0096DE07 /* ViewController.swift */ = {isa = PBXFileReference; lastKnownFileType = sourcecode.swift; path = ViewController.swift; sourceTree = "<group>"; };
		E5D1D07121B2530C0096DE07 /* Base */ = {isa = PBXFileReference; lastKnownFileType = file.storyboard; name = Base; path = Base.lproj/Main.storyboard; sourceTree = "<group>"; };
		E5D1D07321B2530E0096DE07 /* Assets.xcassets */ = {isa = PBXFileReference; lastKnownFileType = folder.assetcatalog; path = Assets.xcassets; sourceTree = "<group>"; };
		E5D1D07621B2530E0096DE07 /* Base */ = {isa = PBXFileReference; lastKnownFileType = file.storyboard; name = Base; path = Base.lproj/LaunchScreen.storyboard; sourceTree = "<group>"; };
		E5D1D07821B2530E0096DE07 /* Info.plist */ = {isa = PBXFileReference; lastKnownFileType = text.plist.xml; path = Info.plist; sourceTree = "<group>"; };
		E5D1D07D21B2530E0096DE07 /* FirstSwiftAppTests.xctest */ = {isa = PBXFileReference; explicitFileType = wrapper.cfbundle; includeInIndex = 0; path = FirstSwiftAppTests.xctest; sourceTree = BUILT_PRODUCTS_DIR; };
		E5D1D08121B2530E0096DE07 /* FirstSwiftAppTests.swift */ = {isa = PBXFileReference; lastKnownFileType = sourcecode.swift; path = FirstSwiftAppTests.swift; sourceTree = "<group>"; };
		E5D1D08321B2530E0096DE07 /* Info.plist */ = {isa = PBXFileReference; lastKnownFileType = text.plist.xml; path = Info.plist; sourceTree = "<group>"; };
		E5D1D08821B2530E0096DE07 /* FirstSwiftAppUITests.xctest */ = {isa = PBXFileReference; explicitFileType = wrapper.cfbundle; includeInIndex = 0; path = FirstSwiftAppUITests.xctest; sourceTree = BUILT_PRODUCTS_DIR; };
		E5D1D08C21B2530E0096DE07 /* FirstSwiftAppUITests.swift */ = {isa = PBXFileReference; lastKnownFileType = sourcecode.swift; path = FirstSwiftAppUITests.swift; sourceTree = "<group>"; };
		E5D1D08E21B2530E0096DE07 /* Info.plist */ = {isa = PBXFileReference; lastKnownFileType = text.plist.xml; path = Info.plist; sourceTree = "<group>"; };
/* End PBXFileReference section */

/* Begin PBXFrameworksBuildPhase section */
		E5D1D06621B2530C0096DE07 /* Frameworks */ = {
			isa = PBXFrameworksBuildPhase;
			buildActionMask = 2147483647;
			files = (
			);
			runOnlyForDeploymentPostprocessing = 0;
		};
		E5D1D07A21B2530E0096DE07 /* Frameworks */ = {
			isa = PBXFrameworksBuildPhase;
			buildActionMask = 2147483647;
			files = (
			);
			runOnlyForDeploymentPostprocessing = 0;
		};
		E5D1D08521B2530E0096DE07 /* Frameworks */ = {
			isa = PBXFrameworksBuildPhase;
			buildActionMask = 2147483647;
			files = (
			);
			runOnlyForDeploymentPostprocessing = 0;
		};
/* End PBXFrameworksBuildPhase section */

/* Begin PBXGroup section */
		E5D1D06021B2530C0096DE07 = {
			isa = PBXGroup;
			children = (
				E5D1D06B21B2530C0096DE07 /* FirstSwiftApp */,
				E5D1D08021B2530E0096DE07 /* FirstSwiftAppTests */,
				E5D1D08B21B2530E0096DE07 /* FirstSwiftAppUITests */,
				E5D1D06A21B2530C0096DE07 /* Products */,
			);
			sourceTree = "<group>";
		};
		E5D1D06A21B2530C0096DE07 /* Products */ = {
			isa = PBXGroup;
			children = (
				E5D1D06921B2530C0096DE07 /* FirstSwiftApp.app */,
				E5D1D07D21B2530E0096DE07 /* FirstSwiftAppTests.xctest */,
				E5D1D08821B2530E0096DE07 /* FirstSwiftAppUITests.xctest */,
			);
			name = Products;
			sourceTree = "<group>";
		};
		E5D1D06B21B2530C0096DE07 /* FirstSwiftApp */ = {
			isa = PBXGroup;
			children = (
				E5D1D06C21B2530C0096DE07 /* AppDelegate.swift */,
				E5D1D06E21B2530C0096DE07 /* ViewController.swift */,
				E5D1D07021B2530C0096DE07 /* Main.storyboard */,
				E5D1D07321B2530E0096DE07 /* Assets.xcassets */,
				E5D1D07521B2530E0096DE07 /* LaunchScreen.storyboard */,
				E5D1D07821B2530E0096DE07 /* Info.plist */,
			);
			path = FirstSwiftApp;
			sourceTree = "<group>";
		};
		E5D1D08021B2530E0096DE07 /* FirstSwiftAppTests */ = {
			isa = PBXGroup;
			children = (
				E5D1D08121B2530E0096DE07 /* FirstSwiftAppTests.swift */,
				E5D1D08321B2530E0096DE07 /* Info.plist */,
			);
			path = FirstSwiftAppTests;
			sourceTree = "<group>";
		};
		E5D1D08B21B2530E0096DE07 /* FirstSwiftAppUITests */ = {
			isa = PBXGroup;
			children = (
				E5D1D08C21B2530E0096DE07 /* FirstSwiftAppUITests.swift */,
				E5D1D08E21B2530E0096DE07 /* Info.plist */,
			);
			path = FirstSwiftAppUITests;
			sourceTree = "<group>";
		};
/* End PBXGroup section */

/* Begin PBXNativeTarget section */
		E5D1D06821B2530C0096DE07 /* FirstSwiftApp */ = {
			isa = PBXNativeTarget;
			buildConfigurationList = E5D1D09121B2530E0096DE07 /* Build configuration list for PBXNativeTarget "FirstSwiftApp" */;
			buildPhases = (
				E5D1D06521B2530C0096DE07 /* Sources */,
				E5D1D06621B2530C0096DE07 /* Frameworks */,
				E5D1D06721B2530C0096DE07 /* Resources */,
			);
			buildRules = (
			);
			dependencies = (
			);
			name = FirstSwiftApp;
			productName = FirstSwiftApp;
			productReference = E5D1D06921B2530C0096DE07 /* FirstSwiftApp.app */;
			productType = "com.apple.product-type.application";
		};
		E5D1D07C21B2530E0096DE07 /* FirstSwiftAppTests */ = {
			isa = PBXNativeTarget;
			buildConfigurationList = E5D1D09421B2530E0096DE07 /* Build configuration list for PBXNativeTarget "FirstSwiftAppTests" */;
			buildPhases = (
				E5D1D07921B2530E0096DE07 /* Sources */,
				E5D1D07A21B2530E0096DE07 /* Frameworks */,
				E5D1D07B21B2530E0096DE07 /* Resources */,
			);
			buildRules = (
			);
			dependencies = (
				E5D1D07F21B2530E0096DE07 /* PBXTargetDependency */,
			);
			name = FirstSwiftAppTests;
			productName = FirstSwiftAppTests;
			productReference = E5D1D07D21B2530E0096DE07 /* FirstSwiftAppTests.xctest */;
			productType = "com.apple.product-type.bundle.unit-test";
		};
		E5D1D08721B2530E0096DE07 /* FirstSwiftAppUITests */ = {
			isa = PBXNativeTarget;
			buildConfigurationList = E5D1D09721B2530E0096DE07 /* Build configuration list for PBXNativeTarget "FirstSwiftAppUITests" */;
			buildPhases = (
				E5D1D08421B2530E0096DE07 /* Sources */,
				E5D1D08521B2530E0096DE07 /* Frameworks */,
				E5D1D08621B2530E0096DE07 /* Resources */,
			);
			buildRules = (
			);
			dependencies = (
				E5D1D08A21B2530E0096DE07 /* PBXTargetDependency */,
			);
			name = FirstSwiftAppUITests;
			productName = FirstSwiftAppUITests;
			productReference = E5D1D08821B2530E0096DE07 /* FirstSwiftAppUITests.xctest */;
			productType = "com.apple.product-type.bundle.ui-testing";
		};
/* End PBXNativeTarget section */

/* Begin PBXProject section */
		E5D1D06121B2530C0096DE07 /* Project object */ = {
			isa = PBXProject;
			attributes = {
				LastSwiftUpdateCheck = 1010;
				LastUpgradeCheck = 1010;
				ORGANIZATIONNAME = Ravali;
				TargetAttributes = {
					E5D1D06821B2530C0096DE07 = {
						CreatedOnToolsVersion = 10.1;
					};
					E5D1D07C21B2530E0096DE07 = {
						CreatedOnToolsVersion = 10.1;
						TestTargetID = E5D1D06821B2530C0096DE07;
					};
					E5D1D08721B2530E0096DE07 = {
						CreatedOnToolsVersion = 10.1;
						TestTargetID = E5D1D06821B2530C0096DE07;
					};
				};
			};
			buildConfigurationList = E5D1D06421B2530C0096DE07 /* Build configuration list for PBXProject "FirstSwiftApp" */;
			compatibilityVersion = "Xcode 9.3";
			developmentRegion = en;
			hasScannedForEncodings = 0;
			knownRegions = (
				en,
				Base,
			);
			mainGroup = E5D1D06021B2530C0096DE07;
			productRefGroup = E5D1D06A21B2530C0096DE07 /* Products */;
			projectDirPath = "";
			projectRoot = "";
			targets = (
				E5D1D06821B2530C0096DE07 /* FirstSwiftApp */,
				E5D1D07C21B2530E0096DE07 /* FirstSwiftAppTests */,
				E5D1D08721B2530E0096DE07 /* FirstSwiftAppUITests */,
			);
		};
/* End PBXProject section */

/* Begin PBXResourcesBuildPhase section */
		E5D1D06721B2530C0096DE07 /* Resources */ = {
			isa = PBXResourcesBuildPhase;
			buildActionMask = 2147483647;
			files = (
				E5D1D07721B2530E0096DE07 /* LaunchScreen.storyboard in Resources */,
				E5D1D07421B2530E0096DE07 /* Assets.xcassets in Resources */,
				E5D1D07221B2530C0096DE07 /* Main.storyboard in Resources */,
			);
			runOnlyForDeploymentPostprocessing = 0;
		};
		E5D1D07B21B2530E0096DE07 /* Resources */ = {
			isa = PBXResourcesBuildPhase;
			buildActionMask = 2147483647;
			files = (
			);
			runOnlyForDeploymentPostprocessing = 0;
		};
		E5D1D08621B2530E0096DE07 /* Resources */ = {
			isa = PBXResourcesBuildPhase;
			buildActionMask = 2147483647;
			files = (
			);
			runOnlyForDeploymentPostprocessing = 0;
		};
/* End PBXResourcesBuildPhase section */

/* Begin PBXSourcesBuildPhase section */
		E5D1D06521B2530C0096DE07 /* Sources */ = {
			isa = PBXSourcesBuildPhase;
			buildActionMask = 2147483647;
			files = (
				E5D1D06F21B2530C0096DE07 /* ViewController.swift in Sources */,
				E5D1D06D21B2530C0096DE07 /* AppDelegate.swift in Sources */,
			);
			runOnlyForDeploymentPostprocessing = 0;
		};
		E5D1D07921B2530E0096DE07 /* Sources */ = {
			isa = PBXSourcesBuildPhase;
			buildActionMask = 2147483647;
			files = (
				E5D1D08221B2530E0096DE07 /* FirstSwiftAppTests.swift in Sources */,
			);
			runOnlyForDeploymentPostprocessing = 0;
		};
		E5D1D08421B2530E0096DE07 /* Sources */ = {
			isa = PBXSourcesBuildPhase;
			buildActionMask = 2147483647;
			files = (
				E5D1D08D21B2530E0096DE07 /* FirstSwiftAppUITests.swift in Sources */,
			);
			runOnlyForDeploymentPostprocessing = 0;
		};
/* End PBXSourcesBuildPhase section */

/* Begin PBXTargetDependency section */
		E5D1D07F21B2530E0096DE07 /* PBXTargetDependency */ = {
			isa = PBXTargetDependency;
			target = E5D1D06821B2530C0096DE07 /* FirstSwiftApp */;
			targetProxy = E5D1D07E21B2530E0096DE07 /* PBXContainerItemProxy */;
		};
		E5D1D08A21B2530E0096DE07 /* PBXTargetDependency */ = {
			isa = PBXTargetDependency;
			target = E5D1D06821B2530C0096DE07 /* FirstSwiftApp */;
			targetProxy = E5D1D08921B2530E0096DE07 /* PBXContainerItemProxy */;
		};
/* End PBXTargetDependency section */

/* Begin PBXVariantGroup section */
		E5D1D07021B2530C0096DE07 /* Main.storyboard */ = {
			isa = PBXVariantGroup;
			children = (
				E5D1D07121B2530C0096DE07 /* Base */,
			);
			name = Main.storyboard;
			sourceTree = "<group>";
		};
		E5D1D07521B2530E0096DE07 /* LaunchScreen.storyboard */ = {
			isa = PBXVariantGroup;
			children = (
				E5D1D07621B2530E0096DE07 /* Base */,
			);
			name = LaunchScreen.storyboard;
			sourceTree = "<group>";
		};
/* End PBXVariantGroup section */

/* Begin XCBuildConfiguration section */
		E5D1D08F21B2530E0096DE07 /* Debug */ = {
			isa = XCBuildConfiguration;
			buildSettings = {
				ALWAYS_SEARCH_USER_PATHS = NO;
				CLANG_ANALYZER_NONNULL = YES;
				CLANG_ANALYZER_NUMBER_OBJECT_CONVERSION = YES_AGGRESSIVE;
				CLANG_CXX_LANGUAGE_STANDARD = "gnu++14";
				CLANG_CXX_LIBRARY = "libc++";
				CLANG_ENABLE_MODULES = YES;
				CLANG_ENABLE_OBJC_ARC = YES;
				CLANG_ENABLE_OBJC_WEAK = YES;
				CLANG_WARN_BLOCK_CAPTURE_AUTORELEASING = YES;
				CLANG_WARN_BOOL_CONVERSION = YES;
				CLANG_WARN_COMMA = YES;
				CLANG_WARN_CONSTANT_CONVERSION = YES;
				CLANG_WARN_DEPRECATED_OBJC_IMPLEMENTATIONS = YES;
				CLANG_WARN_DIRECT_OBJC_ISA_USAGE = YES_ERROR;
				CLANG_WARN_DOCUMENTATION_COMMENTS = YES;
				CLANG_WARN_EMPTY_BODY = YES;
				CLANG_WARN_ENUM_CONVERSION = YES;
				CLANG_WARN_INFINITE_RECURSION = YES;
				CLANG_WARN_INT_CONVERSION = YES;
				CLANG_WARN_NON_LITERAL_NULL_CONVERSION = YES;
				CLANG_WARN_OBJC_IMPLICIT_RETAIN_SELF = YES;
				CLANG_WARN_OBJC_LITERAL_CONVERSION = YES;
				CLANG_WARN_OBJC_ROOT_CLASS = YES_ERROR;
				CLANG_WARN_RANGE_LOOP_ANALYSIS = YES;
				CLANG_WARN_STRICT_PROTOTYPES = YES;
				CLANG_WARN_SUSPICIOUS_MOVE = YES;
				CLANG_WARN_UNGUARDED_AVAILABILITY = YES_AGGRESSIVE;
				CLANG_WARN_UNREACHABLE_CODE = YES;
				CLANG_WARN__DUPLICATE_METHOD_MATCH = YES;
				CODE_SIGN_IDENTITY = "iPhone Developer";
				COPY_PHASE_STRIP = NO;
				DEBUG_INFORMATION_FORMAT = dwarf;
				ENABLE_STRICT_OBJC_MSGSEND = YES;
				ENABLE_TESTABILITY = YES;
				GCC_C_LANGUAGE_STANDARD = gnu11;
				GCC_DYNAMIC_NO_PIC = NO;
				GCC_NO_COMMON_BLOCKS = YES;
				GCC_OPTIMIZATION_LEVEL = 0;
				GCC_PREPROCESSOR_DEFINITIONS = (
					"DEBUG=1",
					"$(inherited)",
				);
				GCC_WARN_64_TO_32_BIT_CONVERSION = YES;
				GCC_WARN_ABOUT_RETURN_TYPE = YES_ERROR;
				GCC_WARN_UNDECLARED_SELECTOR = YES;
				GCC_WARN_UNINITIALIZED_AUTOS = YES_AGGRESSIVE;
				GCC_WARN_UNUSED_FUNCTION = YES;
				GCC_WARN_UNUSED_VARIABLE = YES;
				IPHONEOS_DEPLOYMENT_TARGET = 12.1;
				MTL_ENABLE_DEBUG_INFO = INCLUDE_SOURCE;
				MTL_FAST_MATH = YES;
				ONLY_ACTIVE_ARCH = YES;
				SDKROOT = iphoneos;
				SWIFT_ACTIVE_COMPILATION_CONDITIONS = DEBUG;
				SWIFT_OPTIMIZATION_LEVEL = "-Onone";
			};
			name = Debug;
		};
		E5D1D09021B2530E0096DE07 /* Release */ = {
			isa = XCBuildConfiguration;
			buildSettings = {
				ALWAYS_SEARCH_USER_PATHS = NO;
				CLANG_ANALYZER_NONNULL = YES;
				CLANG_ANALYZER_NUMBER_OBJECT_CONVERSION = YES_AGGRESSIVE;
				CLANG_CXX_LANGUAGE_STANDARD = "gnu++14";
				CLANG_CXX_LIBRARY = "libc++";
				CLANG_ENABLE_MODULES = YES;
				CLANG_ENABLE_OBJC_ARC = YES;
				CLANG_ENABLE_OBJC_WEAK = YES;
				CLANG_WARN_BLOCK_CAPTURE_AUTORELEASING = YES;
				CLANG_WARN_BOOL_CONVERSION = YES;
				CLANG_WARN_COMMA = YES;
				CLANG_WARN_CONSTANT_CONVERSION = YES;
				CLANG_WARN_DEPRECATED_OBJC_IMPLEMENTATIONS = YES;
				CLANG_WARN_DIRECT_OBJC_ISA_USAGE = YES_ERROR;
				CLANG_WARN_DOCUMENTATION_COMMENTS = YES;
				CLANG_WARN_EMPTY_BODY = YES;
				CLANG_WARN_ENUM_CONVERSION = YES;
				CLANG_WARN_INFINITE_RECURSION = YES;
				CLANG_WARN_INT_CONVERSION = YES;
				CLANG_WARN_NON_LITERAL_NULL_CONVERSION = YES;
				CLANG_WARN_OBJC_IMPLICIT_RETAIN_SELF = YES;
				CLANG_WARN_OBJC_LITERAL_CONVERSION = YES;
				CLANG_WARN_OBJC_ROOT_CLASS = YES_ERROR;
				CLANG_WARN_RANGE_LOOP_ANALYSIS = YES;
				CLANG_WARN_STRICT_PROTOTYPES = YES;
				CLANG_WARN_SUSPICIOUS_MOVE = YES;
				CLANG_WARN_UNGUARDED_AVAILABILITY = YES_AGGRESSIVE;
				CLANG_WARN_UNREACHABLE_CODE = YES;
				CLANG_WARN__DUPLICATE_METHOD_MATCH = YES;
				CODE_SIGN_IDENTITY = "iPhone Developer";
				COPY_PHASE_STRIP = NO;
				DEBUG_INFORMATION_FORMAT = "dwarf-with-dsym";
				ENABLE_NS_ASSERTIONS = NO;
				ENABLE_STRICT_OBJC_MSGSEND = YES;
				GCC_C_LANGUAGE_STANDARD = gnu11;
				GCC_NO_COMMON_BLOCKS = YES;
				GCC_WARN_64_TO_32_BIT_CONVERSION = YES;
				GCC_WARN_ABOUT_RETURN_TYPE = YES_ERROR;
				GCC_WARN_UNDECLARED_SELECTOR = YES;
				GCC_WARN_UNINITIALIZED_AUTOS = YES_AGGRESSIVE;
				GCC_WARN_UNUSED_FUNCTION = YES;
				GCC_WARN_UNUSED_VARIABLE = YES;
				IPHONEOS_DEPLOYMENT_TARGET = 12.1;
				MTL_ENABLE_DEBUG_INFO = NO;
				MTL_FAST_MATH = YES;
				SDKROOT = iphoneos;
				SWIFT_COMPILATION_MODE = wholemodule;
				SWIFT_OPTIMIZATION_LEVEL = "-O";
				VALIDATE_PRODUCT = YES;
			};
			name = Release;
		};
		E5D1D09221B2530E0096DE07 /* Debug */ = {
			isa = XCBuildConfiguration;
			buildSettings = {
				ASSETCATALOG_COMPILER_APPICON_NAME = AppIcon;
				CODE_SIGN_STYLE = Automatic;
				INFOPLIST_FILE = FirstSwiftApp/Info.plist;
				LD_RUNPATH_SEARCH_PATHS = (
					"$(inherited)",
					"@executable_path/Frameworks",
				);
				PRODUCT_BUNDLE_IDENTIFIER = c.FirstSwiftApp;
				PRODUCT_NAME = "$(TARGET_NAME)";
				SWIFT_VERSION = 4.2;
				TARGETED_DEVICE_FAMILY = "1,2";
			};
			name = Debug;
		};
		E5D1D09321B2530E0096DE07 /* Release */ = {
			isa = XCBuildConfiguration;
			buildSettings = {
				ASSETCATALOG_COMPILER_APPICON_NAME = AppIcon;
				CODE_SIGN_STYLE = Automatic;
				INFOPLIST_FILE = FirstSwiftApp/Info.plist;
				LD_RUNPATH_SEARCH_PATHS = (
					"$(inherited)",
					"@executable_path/Frameworks",
				);
				PRODUCT_BUNDLE_IDENTIFIER = c.FirstSwiftApp;
				PRODUCT_NAME = "$(TARGET_NAME)";
				SWIFT_VERSION = 4.2;
				TARGETED_DEVICE_FAMILY = "1,2";
			};
			name = Release;
		};
		E5D1D09521B2530E0096DE07 /* Debug */ = {
			isa = XCBuildConfiguration;
			buildSettings = {
				ALWAYS_EMBED_SWIFT_STANDARD_LIBRARIES = YES;
				BUNDLE_LOADER = "$(TEST_HOST)";
				CODE_SIGN_STYLE = Automatic;
				INFOPLIST_FILE = FirstSwiftAppTests/Info.plist;
				LD_RUNPATH_SEARCH_PATHS = (
					"$(inherited)",
					"@executable_path/Frameworks",
					"@loader_path/Frameworks",
				);
				PRODUCT_BUNDLE_IDENTIFIER = c.FirstSwiftAppTests;
				PRODUCT_NAME = "$(TARGET_NAME)";
				SWIFT_VERSION = 4.2;
				TARGETED_DEVICE_FAMILY = "1,2";
				TEST_HOST = "$(BUILT_PRODUCTS_DIR)/FirstSwiftApp.app/FirstSwiftApp";
			};
			name = Debug;
		};
		E5D1D09621B2530E0096DE07 /* Release */ = {
			isa = XCBuildConfiguration;
			buildSettings = {
				ALWAYS_EMBED_SWIFT_STANDARD_LIBRARIES = YES;
				BUNDLE_LOADER = "$(TEST_HOST)";
				CODE_SIGN_STYLE = Automatic;
				INFOPLIST_FILE = FirstSwiftAppTests/Info.plist;
				LD_RUNPATH_SEARCH_PATHS = (
					"$(inherited)",
					"@executable_path/Frameworks",
					"@loader_path/Frameworks",
				);
				PRODUCT_BUNDLE_IDENTIFIER = c.FirstSwiftAppTests;
				PRODUCT_NAME = "$(TARGET_NAME)";
				SWIFT_VERSION = 4.2;
				TARGETED_DEVICE_FAMILY = "1,2";
				TEST_HOST = "$(BUILT_PRODUCTS_DIR)/FirstSwiftApp.app/FirstSwiftApp";
			};
			name = Release;
		};
		E5D1D09821B2530E0096DE07 /* Debug */ = {
			isa = XCBuildConfiguration;
			buildSettings = {
				ALWAYS_EMBED_SWIFT_STANDARD_LIBRARIES = YES;
				CODE_SIGN_STYLE = Automatic;
				INFOPLIST_FILE = FirstSwiftAppUITests/Info.plist;
				LD_RUNPATH_SEARCH_PATHS = (
					"$(inherited)",
					"@executable_path/Frameworks",
					"@loader_path/Frameworks",
				);
				PRODUCT_BUNDLE_IDENTIFIER = c.FirstSwiftAppUITests;
				PRODUCT_NAME = "$(TARGET_NAME)";
				SWIFT_VERSION = 4.2;
				TARGETED_DEVICE_FAMILY = "1,2";
				TEST_TARGET_NAME = FirstSwiftApp;
			};
			name = Debug;
		};
		E5D1D09921B2530E0096DE07 /* Release */ = {
			isa = XCBuildConfiguration;
			buildSettings = {
				ALWAYS_EMBED_SWIFT_STANDARD_LIBRARIES = YES;
				CODE_SIGN_STYLE = Automatic;
				INFOPLIST_FILE = FirstSwiftAppUITests/Info.plist;
				LD_RUNPATH_SEARCH_PATHS = (
					"$(inherited)",
					"@executable_path/Frameworks",
					"@loader_path/Frameworks",
				);
				PRODUCT_BUNDLE_IDENTIFIER = c.FirstSwiftAppUITests;
				PRODUCT_NAME = "$(TARGET_NAME)";
				SWIFT_VERSION = 4.2;
				TARGETED_DEVICE_FAMILY = "1,2";
				TEST_TARGET_NAME = FirstSwiftApp;
			};
			name = Release;
		};
/* End XCBuildConfiguration section */

/* Begin XCConfigurationList section */
		E5D1D06421B2530C0096DE07 /* Build configuration list for PBXProject "FirstSwiftApp" */ = {
			isa = XCConfigurationList;
			buildConfigurations = (
				E5D1D08F21B2530E0096DE07 /* Debug */,
				E5D1D09021B2530E0096DE07 /* Release */,
			);
			defaultConfigurationIsVisible = 0;
			defaultConfigurationName = Release;
		};
		E5D1D09121B2530E0096DE07 /* Build configuration list for PBXNativeTarget "FirstSwiftApp" */ = {
			isa = XCConfigurationList;
			buildConfigurations = (
				E5D1D09221B2530E0096DE07 /* Debug */,
				E5D1D09321B2530E0096DE07 /* Release */,
			);
			defaultConfigurationIsVisible = 0;
			defaultConfigurationName = Release;
		};
		E5D1D09421B2530E0096DE07 /* Build configuration list for PBXNativeTarget "FirstSwiftAppTests" */ = {
			isa = XCConfigurationList;
			buildConfigurations = (
				E5D1D09521B2530E0096DE07 /* Debug */,
				E5D1D09621B2530E0096DE07 /* Release */,
			);
			defaultConfigurationIsVisible = 0;
			defaultConfigurationName = Release;
		};
		E5D1D09721B2530E0096DE07 /* Build configuration list for PBXNativeTarget "FirstSwiftAppUITests" */ = {
			isa = XCConfigurationList;
			buildConfigurations = (
				E5D1D09821B2530E0096DE07 /* Debug */,
				E5D1D09921B2530E0096DE07 /* Release */,
			);
			defaultConfigurationIsVisible = 0;
			defaultConfigurationName = Release;
		};
/* End XCConfigurationList section */
	};
	rootObject = E5D1D06121B2530C0096DE07 /* Project object */;
}
